// !$*UTF8*$!
{
	archiveVersion = 1;
	classes = {
	};
	objectVersion = 56;
	objects = {

/* Begin PBXBuildFile section */
		5508BD622B83E846009A2858 /* AppDelegate.swift in Sources */ = {isa = PBXBuildFile; fileRef = 5508BD612B83E846009A2858 /* AppDelegate.swift */; };
		5508BD642B83E846009A2858 /* SceneDelegate.swift in Sources */ = {isa = PBXBuildFile; fileRef = 5508BD632B83E846009A2858 /* SceneDelegate.swift */; };
		5508BD662B83E846009A2858 /* ReminderListViewController.swift in Sources */ = {isa = PBXBuildFile; fileRef = 5508BD652B83E846009A2858 /* ReminderListViewController.swift */; };
		5508BD692B83E846009A2858 /* Main.storyboard in Resources */ = {isa = PBXBuildFile; fileRef = 5508BD672B83E846009A2858 /* Main.storyboard */; };
		5508BD6B2B83E848009A2858 /* Assets.xcassets in Resources */ = {isa = PBXBuildFile; fileRef = 5508BD6A2B83E848009A2858 /* Assets.xcassets */; };
		5508BD6E2B83E848009A2858 /* LaunchScreen.storyboard in Resources */ = {isa = PBXBuildFile; fileRef = 5508BD6C2B83E848009A2858 /* LaunchScreen.storyboard */; };
		5508BD7A2B85DB27009A2858 /* Reminder.swift in Sources */ = {isa = PBXBuildFile; fileRef = 5508BD792B85DB27009A2858 /* Reminder.swift */; };
		5508BD7C2B85E1FE009A2858 /* .gitignore in Resources */ = {isa = PBXBuildFile; fileRef = 5508BD7B2B85E1FE009A2858 /* .gitignore */; };
		5508BD7F2B85E3EE009A2858 /* Date+Today.swift in Sources */ = {isa = PBXBuildFile; fileRef = 5508BD7E2B85E3EE009A2858 /* Date+Today.swift */; };
		5508BD822B85E5C6009A2858 /* ReminderListViewController+DataSource.swift in Sources */ = {isa = PBXBuildFile; fileRef = 5508BD812B85E5C6009A2858 /* ReminderListViewController+DataSource.swift */; };
		5508BD842B86086F009A2858 /* ReminderDoneButton.swift in Sources */ = {isa = PBXBuildFile; fileRef = 5508BD832B86086F009A2858 /* ReminderDoneButton.swift */; };
		5508BD862B86096C009A2858 /* ReminderListViewController+Actions.swift in Sources */ = {isa = PBXBuildFile; fileRef = 5508BD852B86096C009A2858 /* ReminderListViewController+Actions.swift */; };
		5508BD882B861770009A2858 /* ReminderDetailViewController.swift in Sources */ = {isa = PBXBuildFile; fileRef = 5508BD872B861770009A2858 /* ReminderDetailViewController.swift */; };
		5508BD8E2B8618F0009A2858 /* ReminderDetailViewController+Row.swift in Sources */ = {isa = PBXBuildFile; fileRef = 5508BD8D2B8618F0009A2858 /* ReminderDetailViewController+Row.swift */; };
		5508BD902B861AB7009A2858 /* ReminderDetailViewController+DataSource.swift in Sources */ = {isa = PBXBuildFile; fileRef = 5508BD8F2B861AB7009A2858 /* ReminderDetailViewController+DataSource.swift */; };
		5508BD922B865233009A2858 /* ReminderDetailViewController+Section.swift in Sources */ = {isa = PBXBuildFile; fileRef = 5508BD912B865233009A2858 /* ReminderDetailViewController+Section.swift */; };
		5508BD942B87A104009A2858 /* ReminderDetailViewController+CellConfiguration.swift in Sources */ = {isa = PBXBuildFile; fileRef = 5508BD932B87A104009A2858 /* ReminderDetailViewController+CellConfiguration.swift */; };
		5508BD982B87D97F009A2858 /* UIView+PinnedSubview.swift in Sources */ = {isa = PBXBuildFile; fileRef = 5508BD972B87D97F009A2858 /* UIView+PinnedSubview.swift */; };
		5508BD9A2B87DB40009A2858 /* TextFieldContentView.swift in Sources */ = {isa = PBXBuildFile; fileRef = 5508BD992B87DB40009A2858 /* TextFieldContentView.swift */; };
		5508BD9C2B87DE9D009A2858 /* UIContentConfiguration+Stateless.swift in Sources */ = {isa = PBXBuildFile; fileRef = 5508BD9B2B87DE9D009A2858 /* UIContentConfiguration+Stateless.swift */; };
		5508BD9E2B87E4C9009A2858 /* TextViewContentView.swift in Sources */ = {isa = PBXBuildFile; fileRef = 5508BD9D2B87E4C9009A2858 /* TextViewContentView.swift */; };
		5508BDA02B87E5FD009A2858 /* DatePickerContentView.swift in Sources */ = {isa = PBXBuildFile; fileRef = 5508BD9F2B87E5FD009A2858 /* DatePickerContentView.swift */; };
		5508BDA22B8900B8009A2858 /* ReminderListStyle.swift in Sources */ = {isa = PBXBuildFile; fileRef = 5508BDA12B8900B8009A2858 /* ReminderListStyle.swift */; };
		5508BDA52B892694009A2858 /* ProgressHeaderView.swift in Sources */ = {isa = PBXBuildFile; fileRef = 5508BDA42B892694009A2858 /* ProgressHeaderView.swift */; };
		5508BDA72B893E50009A2858 /* CAGradientLayer+ListStyle.swift in Sources */ = {isa = PBXBuildFile; fileRef = 5508BDA62B893E50009A2858 /* CAGradientLayer+ListStyle.swift */; };
/* End PBXBuildFile section */

/* Begin PBXFileReference section */
		5508BD5E2B83E846009A2858 /* Today.app */ = {isa = PBXFileReference; explicitFileType = wrapper.application; includeInIndex = 0; path = Today.app; sourceTree = BUILT_PRODUCTS_DIR; };
		5508BD612B83E846009A2858 /* AppDelegate.swift */ = {isa = PBXFileReference; lastKnownFileType = sourcecode.swift; path = AppDelegate.swift; sourceTree = "<group>"; };
		5508BD632B83E846009A2858 /* SceneDelegate.swift */ = {isa = PBXFileReference; lastKnownFileType = sourcecode.swift; path = SceneDelegate.swift; sourceTree = "<group>"; };
		5508BD652B83E846009A2858 /* ReminderListViewController.swift */ = {isa = PBXFileReference; lastKnownFileType = sourcecode.swift; path = ReminderListViewController.swift; sourceTree = "<group>"; };
		5508BD682B83E846009A2858 /* Base */ = {isa = PBXFileReference; lastKnownFileType = file.storyboard; name = Base; path = Base.lproj/Main.storyboard; sourceTree = "<group>"; };
		5508BD6A2B83E848009A2858 /* Assets.xcassets */ = {isa = PBXFileReference; lastKnownFileType = folder.assetcatalog; path = Assets.xcassets; sourceTree = "<group>"; };
		5508BD6D2B83E848009A2858 /* Base */ = {isa = PBXFileReference; lastKnownFileType = file.storyboard; name = Base; path = Base.lproj/LaunchScreen.storyboard; sourceTree = "<group>"; };
		5508BD6F2B83E848009A2858 /* Info.plist */ = {isa = PBXFileReference; lastKnownFileType = text.plist.xml; path = Info.plist; sourceTree = "<group>"; };
		5508BD792B85DB27009A2858 /* Reminder.swift */ = {isa = PBXFileReference; lastKnownFileType = sourcecode.swift; path = Reminder.swift; sourceTree = "<group>"; };
		5508BD7B2B85E1FE009A2858 /* .gitignore */ = {isa = PBXFileReference; fileEncoding = 4; lastKnownFileType = text; path = .gitignore; sourceTree = "<group>"; };
		5508BD7E2B85E3EE009A2858 /* Date+Today.swift */ = {isa = PBXFileReference; lastKnownFileType = sourcecode.swift; path = "Date+Today.swift"; sourceTree = "<group>"; };
		5508BD812B85E5C6009A2858 /* ReminderListViewController+DataSource.swift */ = {isa = PBXFileReference; lastKnownFileType = sourcecode.swift; path = "ReminderListViewController+DataSource.swift"; sourceTree = "<group>"; };
		5508BD832B86086F009A2858 /* ReminderDoneButton.swift */ = {isa = PBXFileReference; lastKnownFileType = sourcecode.swift; path = ReminderDoneButton.swift; sourceTree = "<group>"; };
		5508BD852B86096C009A2858 /* ReminderListViewController+Actions.swift */ = {isa = PBXFileReference; lastKnownFileType = sourcecode.swift; path = "ReminderListViewController+Actions.swift"; sourceTree = "<group>"; };
		5508BD872B861770009A2858 /* ReminderDetailViewController.swift */ = {isa = PBXFileReference; lastKnownFileType = sourcecode.swift; path = ReminderDetailViewController.swift; sourceTree = "<group>"; };
		5508BD8D2B8618F0009A2858 /* ReminderDetailViewController+Row.swift */ = {isa = PBXFileReference; lastKnownFileType = sourcecode.swift; path = "ReminderDetailViewController+Row.swift"; sourceTree = "<group>"; };
		5508BD8F2B861AB7009A2858 /* ReminderDetailViewController+DataSource.swift */ = {isa = PBXFileReference; lastKnownFileType = sourcecode.swift; path = "ReminderDetailViewController+DataSource.swift"; sourceTree = "<group>"; };
		5508BD912B865233009A2858 /* ReminderDetailViewController+Section.swift */ = {isa = PBXFileReference; lastKnownFileType = sourcecode.swift; path = "ReminderDetailViewController+Section.swift"; sourceTree = "<group>"; };
		5508BD932B87A104009A2858 /* ReminderDetailViewController+CellConfiguration.swift */ = {isa = PBXFileReference; lastKnownFileType = sourcecode.swift; path = "ReminderDetailViewController+CellConfiguration.swift"; sourceTree = "<group>"; };
		5508BD972B87D97F009A2858 /* UIView+PinnedSubview.swift */ = {isa = PBXFileReference; lastKnownFileType = sourcecode.swift; path = "UIView+PinnedSubview.swift"; sourceTree = "<group>"; };
		5508BD992B87DB40009A2858 /* TextFieldContentView.swift */ = {isa = PBXFileReference; lastKnownFileType = sourcecode.swift; path = TextFieldContentView.swift; sourceTree = "<group>"; };
		5508BD9B2B87DE9D009A2858 /* UIContentConfiguration+Stateless.swift */ = {isa = PBXFileReference; lastKnownFileType = sourcecode.swift; path = "UIContentConfiguration+Stateless.swift"; sourceTree = "<group>"; };
		5508BD9D2B87E4C9009A2858 /* TextViewContentView.swift */ = {isa = PBXFileReference; lastKnownFileType = sourcecode.swift; path = TextViewContentView.swift; sourceTree = "<group>"; };
		5508BD9F2B87E5FD009A2858 /* DatePickerContentView.swift */ = {isa = PBXFileReference; lastKnownFileType = sourcecode.swift; path = DatePickerContentView.swift; sourceTree = "<group>"; };
		5508BDA12B8900B8009A2858 /* ReminderListStyle.swift */ = {isa = PBXFileReference; lastKnownFileType = sourcecode.swift; path = ReminderListStyle.swift; sourceTree = "<group>"; };
		5508BDA42B892694009A2858 /* ProgressHeaderView.swift */ = {isa = PBXFileReference; lastKnownFileType = sourcecode.swift; path = ProgressHeaderView.swift; sourceTree = "<group>"; };
		5508BDA62B893E50009A2858 /* CAGradientLayer+ListStyle.swift */ = {isa = PBXFileReference; lastKnownFileType = sourcecode.swift; path = "CAGradientLayer+ListStyle.swift"; sourceTree = "<group>"; };
/* End PBXFileReference section */

/* Begin PBXFrameworksBuildPhase section */
		5508BD5B2B83E846009A2858 /* Frameworks */ = {
			isa = PBXFrameworksBuildPhase;
			buildActionMask = 2147483647;
			files = (
			);
			runOnlyForDeploymentPostprocessing = 0;
		};
/* End PBXFrameworksBuildPhase section */

/* Begin PBXGroup section */
		5508BD552B83E846009A2858 = {
			isa = PBXGroup;
			children = (
				5508BD7B2B85E1FE009A2858 /* .gitignore */,
				5508BD602B83E846009A2858 /* Today */,
				5508BD5F2B83E846009A2858 /* Products */,
			);
			sourceTree = "<group>";
		};
		5508BD5F2B83E846009A2858 /* Products */ = {
			isa = PBXGroup;
			children = (
				5508BD5E2B83E846009A2858 /* Today.app */,
			);
			name = Products;
			sourceTree = "<group>";
		};
		5508BD602B83E846009A2858 /* Today */ = {
			isa = PBXGroup;
			children = (
				5508BD6F2B83E848009A2858 /* Info.plist */,
				5508BD612B83E846009A2858 /* AppDelegate.swift */,
				5508BD632B83E846009A2858 /* SceneDelegate.swift */,
				5508BD7D2B85E3E0009A2858 /* Extensions */,
				5508BD762B85DAF4009A2858 /* Models */,
				5508BD772B85DAFB009A2858 /* Views */,
				5508BD752B85DAEE009A2858 /* Controllers */,
				5508BD782B85DB03009A2858 /* Resources */,
			);
			path = Today;
			sourceTree = "<group>";
		};
		5508BD752B85DAEE009A2858 /* Controllers */ = {
			isa = PBXGroup;
			children = (
				5508BD802B85E5B0009A2858 /* ReminderList */,
				5508BD892B861794009A2858 /* ReminderDetail */,
			);
			path = Controllers;
			sourceTree = "<group>";
		};
		5508BD762B85DAF4009A2858 /* Models */ = {
			isa = PBXGroup;
			children = (
				5508BD792B85DB27009A2858 /* Reminder.swift */,
				5508BDA12B8900B8009A2858 /* ReminderListStyle.swift */,
				5508BDA62B893E50009A2858 /* CAGradientLayer+ListStyle.swift */,
			);
			path = Models;
			sourceTree = "<group>";
		};
		5508BD772B85DAFB009A2858 /* Views */ = {
			isa = PBXGroup;
			children = (
				5508BD952B87D941009A2858 /* Common */,
				5508BD962B87D946009A2858 /* ContentViews */,
			);
			path = Views;
			sourceTree = "<group>";
		};
		5508BD782B85DB03009A2858 /* Resources */ = {
			isa = PBXGroup;
			children = (
				5508BD6A2B83E848009A2858 /* Assets.xcassets */,
			);
			path = Resources;
			sourceTree = "<group>";
		};
		5508BD7D2B85E3E0009A2858 /* Extensions */ = {
			isa = PBXGroup;
			children = (
				5508BD7E2B85E3EE009A2858 /* Date+Today.swift */,
				5508BD972B87D97F009A2858 /* UIView+PinnedSubview.swift */,
			);
			path = Extensions;
			sourceTree = "<group>";
		};
		5508BD802B85E5B0009A2858 /* ReminderList */ = {
			isa = PBXGroup;
			children = (
				5508BD652B83E846009A2858 /* ReminderListViewController.swift */,
				5508BD812B85E5C6009A2858 /* ReminderListViewController+DataSource.swift */,
				5508BD852B86096C009A2858 /* ReminderListViewController+Actions.swift */,
				5508BD832B86086F009A2858 /* ReminderDoneButton.swift */,
				5508BDA32B892688009A2858 /* ProgressHeader */,
			);
			path = ReminderList;
			sourceTree = "<group>";
		};
		5508BD892B861794009A2858 /* ReminderDetail */ = {
			isa = PBXGroup;
			children = (
				5508BD872B861770009A2858 /* ReminderDetailViewController.swift */,
				5508BD8F2B861AB7009A2858 /* ReminderDetailViewController+DataSource.swift */,
				5508BD8D2B8618F0009A2858 /* ReminderDetailViewController+Row.swift */,
				5508BD912B865233009A2858 /* ReminderDetailViewController+Section.swift */,
				5508BD932B87A104009A2858 /* ReminderDetailViewController+CellConfiguration.swift */,
			);
			path = ReminderDetail;
			sourceTree = "<group>";
		};
		5508BD952B87D941009A2858 /* Common */ = {
			isa = PBXGroup;
			children = (
				5508BD672B83E846009A2858 /* Main.storyboard */,
				5508BD6C2B83E848009A2858 /* LaunchScreen.storyboard */,
			);
			path = Common;
			sourceTree = "<group>";
		};
		5508BD962B87D946009A2858 /* ContentViews */ = {
			isa = PBXGroup;
			children = (
				5508BD992B87DB40009A2858 /* TextFieldContentView.swift */,
				5508BD9F2B87E5FD009A2858 /* DatePickerContentView.swift */,
				5508BD9D2B87E4C9009A2858 /* TextViewContentView.swift */,
				5508BD9B2B87DE9D009A2858 /* UIContentConfiguration+Stateless.swift */,
			);
			path = ContentViews;
			sourceTree = "<group>";
		};
		5508BDA32B892688009A2858 /* ProgressHeader */ = {
			isa = PBXGroup;
			children = (
				5508BDA42B892694009A2858 /* ProgressHeaderView.swift */,
			);
			path = ProgressHeader;
			sourceTree = "<group>";
		};
/* End PBXGroup section */

/* Begin PBXNativeTarget section */
		5508BD5D2B83E846009A2858 /* Today */ = {
			isa = PBXNativeTarget;
			buildConfigurationList = 5508BD722B83E848009A2858 /* Build configuration list for PBXNativeTarget "Today" */;
			buildPhases = (
				5508BD5A2B83E846009A2858 /* Sources */,
				5508BD5B2B83E846009A2858 /* Frameworks */,
				5508BD5C2B83E846009A2858 /* Resources */,
			);
			buildRules = (
			);
			dependencies = (
			);
			name = Today;
			productName = Today;
			productReference = 5508BD5E2B83E846009A2858 /* Today.app */;
			productType = "com.apple.product-type.application";
		};
/* End PBXNativeTarget section */

/* Begin PBXProject section */
		5508BD562B83E846009A2858 /* Project object */ = {
			isa = PBXProject;
			attributes = {
				BuildIndependentTargetsInParallel = 1;
				LastSwiftUpdateCheck = 1520;
				LastUpgradeCheck = 1520;
				TargetAttributes = {
					5508BD5D2B83E846009A2858 = {
						CreatedOnToolsVersion = 15.2;
					};
				};
			};
			buildConfigurationList = 5508BD592B83E846009A2858 /* Build configuration list for PBXProject "Today" */;
			compatibilityVersion = "Xcode 14.0";
			developmentRegion = en;
			hasScannedForEncodings = 0;
			knownRegions = (
				en,
				Base,
			);
			mainGroup = 5508BD552B83E846009A2858;
			productRefGroup = 5508BD5F2B83E846009A2858 /* Products */;
			projectDirPath = "";
			projectRoot = "";
			targets = (
				5508BD5D2B83E846009A2858 /* Today */,
			);
		};
/* End PBXProject section */

/* Begin PBXResourcesBuildPhase section */
		5508BD5C2B83E846009A2858 /* Resources */ = {
			isa = PBXResourcesBuildPhase;
			buildActionMask = 2147483647;
			files = (
				5508BD7C2B85E1FE009A2858 /* .gitignore in Resources */,
				5508BD6E2B83E848009A2858 /* LaunchScreen.storyboard in Resources */,
				5508BD6B2B83E848009A2858 /* Assets.xcassets in Resources */,
				5508BD692B83E846009A2858 /* Main.storyboard in Resources */,
			);
			runOnlyForDeploymentPostprocessing = 0;
		};
/* End PBXResourcesBuildPhase section */

/* Begin PBXSourcesBuildPhase section */
		5508BD5A2B83E846009A2858 /* Sources */ = {
			isa = PBXSourcesBuildPhase;
			buildActionMask = 2147483647;
			files = (
				5508BDA52B892694009A2858 /* ProgressHeaderView.swift in Sources */,
				5508BD982B87D97F009A2858 /* UIView+PinnedSubview.swift in Sources */,
				5508BD862B86096C009A2858 /* ReminderListViewController+Actions.swift in Sources */,
				5508BDA02B87E5FD009A2858 /* DatePickerContentView.swift in Sources */,
				5508BD902B861AB7009A2858 /* ReminderDetailViewController+DataSource.swift in Sources */,
				5508BD662B83E846009A2858 /* ReminderListViewController.swift in Sources */,
				5508BD7F2B85E3EE009A2858 /* Date+Today.swift in Sources */,
				5508BDA22B8900B8009A2858 /* ReminderListStyle.swift in Sources */,
				5508BD9C2B87DE9D009A2858 /* UIContentConfiguration+Stateless.swift in Sources */,
				5508BD622B83E846009A2858 /* AppDelegate.swift in Sources */,
				5508BD642B83E846009A2858 /* SceneDelegate.swift in Sources */,
				5508BD9A2B87DB40009A2858 /* TextFieldContentView.swift in Sources */,
				5508BD9E2B87E4C9009A2858 /* TextViewContentView.swift in Sources */,
				5508BD882B861770009A2858 /* ReminderDetailViewController.swift in Sources */,
				5508BD8E2B8618F0009A2858 /* ReminderDetailViewController+Row.swift in Sources */,
				5508BD942B87A104009A2858 /* ReminderDetailViewController+CellConfiguration.swift in Sources */,
				5508BD7A2B85DB27009A2858 /* Reminder.swift in Sources */,
				5508BD922B865233009A2858 /* ReminderDetailViewController+Section.swift in Sources */,
				5508BD842B86086F009A2858 /* ReminderDoneButton.swift in Sources */,
				5508BDA72B893E50009A2858 /* CAGradientLayer+ListStyle.swift in Sources */,
				5508BD822B85E5C6009A2858 /* ReminderListViewController+DataSource.swift in Sources */,
			);
			runOnlyForDeploymentPostprocessing = 0;
		};
/* End PBXSourcesBuildPhase section */

/* Begin PBXVariantGroup section */
		5508BD672B83E846009A2858 /* Main.storyboard */ = {
			isa = PBXVariantGroup;
			children = (
				5508BD682B83E846009A2858 /* Base */,
			);
			name = Main.storyboard;
			sourceTree = "<group>";
		};
		5508BD6C2B83E848009A2858 /* LaunchScreen.storyboard */ = {
			isa = PBXVariantGroup;
			children = (
				5508BD6D2B83E848009A2858 /* Base */,
			);
			name = LaunchScreen.storyboard;
			sourceTree = "<group>";
		};
/* End PBXVariantGroup section */

/* Begin XCBuildConfiguration section */
		5508BD702B83E848009A2858 /* Debug */ = {
			isa = XCBuildConfiguration;
			buildSettings = {
				ALWAYS_SEARCH_USER_PATHS = NO;
				ASSETCATALOG_COMPILER_GENERATE_SWIFT_ASSET_SYMBOL_EXTENSIONS = YES;
				CLANG_ANALYZER_NONNULL = YES;
				CLANG_ANALYZER_NUMBER_OBJECT_CONVERSION = YES_AGGRESSIVE;
				CLANG_CXX_LANGUAGE_STANDARD = "gnu++20";
				CLANG_ENABLE_MODULES = YES;
				CLANG_ENABLE_OBJC_ARC = YES;
				CLANG_ENABLE_OBJC_WEAK = YES;
				CLANG_WARN_BLOCK_CAPTURE_AUTORELEASING = YES;
				CLANG_WARN_BOOL_CONVERSION = YES;
				CLANG_WARN_COMMA = YES;
				CLANG_WARN_CONSTANT_CONVERSION = YES;
				CLANG_WARN_DEPRECATED_OBJC_IMPLEMENTATIONS = YES;
				CLANG_WARN_DIRECT_OBJC_ISA_USAGE = YES_ERROR;
				CLANG_WARN_DOCUMENTATION_COMMENTS = YES;
				CLANG_WARN_EMPTY_BODY = YES;
				CLANG_WARN_ENUM_CONVERSION = YES;
				CLANG_WARN_INFINITE_RECURSION = YES;
				CLANG_WARN_INT_CONVERSION = YES;
				CLANG_WARN_NON_LITERAL_NULL_CONVERSION = YES;
				CLANG_WARN_OBJC_IMPLICIT_RETAIN_SELF = YES;
				CLANG_WARN_OBJC_LITERAL_CONVERSION = YES;
				CLANG_WARN_OBJC_ROOT_CLASS = YES_ERROR;
				CLANG_WARN_QUOTED_INCLUDE_IN_FRAMEWORK_HEADER = YES;
				CLANG_WARN_RANGE_LOOP_ANALYSIS = YES;
				CLANG_WARN_STRICT_PROTOTYPES = YES;
				CLANG_WARN_SUSPICIOUS_MOVE = YES;
				CLANG_WARN_UNGUARDED_AVAILABILITY = YES_AGGRESSIVE;
				CLANG_WARN_UNREACHABLE_CODE = YES;
				CLANG_WARN__DUPLICATE_METHOD_MATCH = YES;
				COPY_PHASE_STRIP = NO;
				DEBUG_INFORMATION_FORMAT = dwarf;
				ENABLE_STRICT_OBJC_MSGSEND = YES;
				ENABLE_TESTABILITY = YES;
				ENABLE_USER_SCRIPT_SANDBOXING = YES;
				GCC_C_LANGUAGE_STANDARD = gnu17;
				GCC_DYNAMIC_NO_PIC = NO;
				GCC_NO_COMMON_BLOCKS = YES;
				GCC_OPTIMIZATION_LEVEL = 0;
				GCC_PREPROCESSOR_DEFINITIONS = (
					"DEBUG=1",
					"$(inherited)",
				);
				GCC_WARN_64_TO_32_BIT_CONVERSION = YES;
				GCC_WARN_ABOUT_RETURN_TYPE = YES_ERROR;
				GCC_WARN_UNDECLARED_SELECTOR = YES;
				GCC_WARN_UNINITIALIZED_AUTOS = YES_AGGRESSIVE;
				GCC_WARN_UNUSED_FUNCTION = YES;
				GCC_WARN_UNUSED_VARIABLE = YES;
				IPHONEOS_DEPLOYMENT_TARGET = 17.2;
				LOCALIZATION_PREFERS_STRING_CATALOGS = YES;
				MTL_ENABLE_DEBUG_INFO = INCLUDE_SOURCE;
				MTL_FAST_MATH = YES;
				ONLY_ACTIVE_ARCH = YES;
				SDKROOT = iphoneos;
				SWIFT_ACTIVE_COMPILATION_CONDITIONS = "DEBUG $(inherited)";
				SWIFT_OPTIMIZATION_LEVEL = "-Onone";
			};
			name = Debug;
		};
		5508BD712B83E848009A2858 /* Release */ = {
			isa = XCBuildConfiguration;
			buildSettings = {
				ALWAYS_SEARCH_USER_PATHS = NO;
				ASSETCATALOG_COMPILER_GENERATE_SWIFT_ASSET_SYMBOL_EXTENSIONS = YES;
				CLANG_ANALYZER_NONNULL = YES;
				CLANG_ANALYZER_NUMBER_OBJECT_CONVERSION = YES_AGGRESSIVE;
				CLANG_CXX_LANGUAGE_STANDARD = "gnu++20";
				CLANG_ENABLE_MODULES = YES;
				CLANG_ENABLE_OBJC_ARC = YES;
				CLANG_ENABLE_OBJC_WEAK = YES;
				CLANG_WARN_BLOCK_CAPTURE_AUTORELEASING = YES;
				CLANG_WARN_BOOL_CONVERSION = YES;
				CLANG_WARN_COMMA = YES;
				CLANG_WARN_CONSTANT_CONVERSION = YES;
				CLANG_WARN_DEPRECATED_OBJC_IMPLEMENTATIONS = YES;
				CLANG_WARN_DIRECT_OBJC_ISA_USAGE = YES_ERROR;
				CLANG_WARN_DOCUMENTATION_COMMENTS = YES;
				CLANG_WARN_EMPTY_BODY = YES;
				CLANG_WARN_ENUM_CONVERSION = YES;
				CLANG_WARN_INFINITE_RECURSION = YES;
				CLANG_WARN_INT_CONVERSION = YES;
				CLANG_WARN_NON_LITERAL_NULL_CONVERSION = YES;
				CLANG_WARN_OBJC_IMPLICIT_RETAIN_SELF = YES;
				CLANG_WARN_OBJC_LITERAL_CONVERSION = YES;
				CLANG_WARN_OBJC_ROOT_CLASS = YES_ERROR;
				CLANG_WARN_QUOTED_INCLUDE_IN_FRAMEWORK_HEADER = YES;
				CLANG_WARN_RANGE_LOOP_ANALYSIS = YES;
				CLANG_WARN_STRICT_PROTOTYPES = YES;
				CLANG_WARN_SUSPICIOUS_MOVE = YES;
				CLANG_WARN_UNGUARDED_AVAILABILITY = YES_AGGRESSIVE;
				CLANG_WARN_UNREACHABLE_CODE = YES;
				CLANG_WARN__DUPLICATE_METHOD_MATCH = YES;
				COPY_PHASE_STRIP = NO;
				DEBUG_INFORMATION_FORMAT = "dwarf-with-dsym";
				ENABLE_NS_ASSERTIONS = NO;
				ENABLE_STRICT_OBJC_MSGSEND = YES;
				ENABLE_USER_SCRIPT_SANDBOXING = YES;
				GCC_C_LANGUAGE_STANDARD = gnu17;
				GCC_NO_COMMON_BLOCKS = YES;
				GCC_WARN_64_TO_32_BIT_CONVERSION = YES;
				GCC_WARN_ABOUT_RETURN_TYPE = YES_ERROR;
				GCC_WARN_UNDECLARED_SELECTOR = YES;
				GCC_WARN_UNINITIALIZED_AUTOS = YES_AGGRESSIVE;
				GCC_WARN_UNUSED_FUNCTION = YES;
				GCC_WARN_UNUSED_VARIABLE = YES;
				IPHONEOS_DEPLOYMENT_TARGET = 17.2;
				LOCALIZATION_PREFERS_STRING_CATALOGS = YES;
				MTL_ENABLE_DEBUG_INFO = NO;
				MTL_FAST_MATH = YES;
				SDKROOT = iphoneos;
				SWIFT_COMPILATION_MODE = wholemodule;
				VALIDATE_PRODUCT = YES;
			};
			name = Release;
		};
		5508BD732B83E848009A2858 /* Debug */ = {
			isa = XCBuildConfiguration;
			buildSettings = {
				ASSETCATALOG_COMPILER_APPICON_NAME = AppIcon;
				ASSETCATALOG_COMPILER_GLOBAL_ACCENT_COLOR_NAME = AccentColor;
				CODE_SIGN_STYLE = Automatic;
				CURRENT_PROJECT_VERSION = 1;
				DEVELOPMENT_TEAM = B8YH45U55M;
				GENERATE_INFOPLIST_FILE = YES;
				INFOPLIST_FILE = Today/Info.plist;
				INFOPLIST_KEY_CFBundleDisplayName = Today;
				INFOPLIST_KEY_LSApplicationCategoryType = "public.app-category.productivity";
				INFOPLIST_KEY_UIApplicationSupportsIndirectInputEvents = YES;
				INFOPLIST_KEY_UILaunchStoryboardName = LaunchScreen;
				INFOPLIST_KEY_UIMainStoryboardFile = Main;
				INFOPLIST_KEY_UISupportedInterfaceOrientations_iPad = "UIInterfaceOrientationPortrait UIInterfaceOrientationPortraitUpsideDown UIInterfaceOrientationLandscapeLeft UIInterfaceOrientationLandscapeRight";
				INFOPLIST_KEY_UISupportedInterfaceOrientations_iPhone = "UIInterfaceOrientationPortrait UIInterfaceOrientationLandscapeLeft UIInterfaceOrientationLandscapeRight";
				IPHONEOS_DEPLOYMENT_TARGET = 15.0;
				LD_RUNPATH_SEARCH_PATHS = (
					"$(inherited)",
					"@executable_path/Frameworks",
				);
				MARKETING_VERSION = 0.1;
				PRODUCT_BUNDLE_IDENTIFIER = com.hybrayhem.today;
				PRODUCT_NAME = "$(TARGET_NAME)";
				SWIFT_EMIT_LOC_STRINGS = YES;
				SWIFT_VERSION = 5.0;
				TARGETED_DEVICE_FAMILY = "1,2";
			};
			name = Debug;
		};
		5508BD742B83E848009A2858 /* Release */ = {
			isa = XCBuildConfiguration;
			buildSettings = {
				ASSETCATALOG_COMPILER_APPICON_NAME = AppIcon;
				ASSETCATALOG_COMPILER_GLOBAL_ACCENT_COLOR_NAME = AccentColor;
				CODE_SIGN_STYLE = Automatic;
				CURRENT_PROJECT_VERSION = 1;
				DEVELOPMENT_TEAM = B8YH45U55M;
				GENERATE_INFOPLIST_FILE = YES;
				INFOPLIST_FILE = Today/Info.plist;
				INFOPLIST_KEY_CFBundleDisplayName = Today;
				INFOPLIST_KEY_LSApplicationCategoryType = "public.app-category.productivity";
				INFOPLIST_KEY_UIApplicationSupportsIndirectInputEvents = YES;
				INFOPLIST_KEY_UILaunchStoryboardName = LaunchScreen;
				INFOPLIST_KEY_UIMainStoryboardFile = Main;
				INFOPLIST_KEY_UISupportedInterfaceOrientations_iPad = "UIInterfaceOrientationPortrait UIInterfaceOrientationPortraitUpsideDown UIInterfaceOrientationLandscapeLeft UIInterfaceOrientationLandscapeRight";
				INFOPLIST_KEY_UISupportedInterfaceOrientations_iPhone = "UIInterfaceOrientationPortrait UIInterfaceOrientationLandscapeLeft UIInterfaceOrientationLandscapeRight";
				IPHONEOS_DEPLOYMENT_TARGET = 15.0;
				LD_RUNPATH_SEARCH_PATHS = (
					"$(inherited)",
					"@executable_path/Frameworks",
				);
				MARKETING_VERSION = 0.1;
				PRODUCT_BUNDLE_IDENTIFIER = com.hybrayhem.today;
				PRODUCT_NAME = "$(TARGET_NAME)";
				SWIFT_EMIT_LOC_STRINGS = YES;
				SWIFT_VERSION = 5.0;
				TARGETED_DEVICE_FAMILY = "1,2";
			};
			name = Release;
		};
/* End XCBuildConfiguration section */

/* Begin XCConfigurationList section */
		5508BD592B83E846009A2858 /* Build configuration list for PBXProject "Today" */ = {
			isa = XCConfigurationList;
			buildConfigurations = (
				5508BD702B83E848009A2858 /* Debug */,
				5508BD712B83E848009A2858 /* Release */,
			);
			defaultConfigurationIsVisible = 0;
			defaultConfigurationName = Release;
		};
		5508BD722B83E848009A2858 /* Build configuration list for PBXNativeTarget "Today" */ = {
			isa = XCConfigurationList;
			buildConfigurations = (
				5508BD732B83E848009A2858 /* Debug */,
				5508BD742B83E848009A2858 /* Release */,
			);
			defaultConfigurationIsVisible = 0;
			defaultConfigurationName = Release;
		};
/* End XCConfigurationList section */
	};
	rootObject = 5508BD562B83E846009A2858 /* Project object */;
}
